Microsoft Visual Studio Solution File, Format Version 12.00
# Visual Studio Version 17
VisualStudioVersion = 17.5.2.0
MinimumVisualStudioVersion = 10.0.40219.1
Project("{2150E333-8FDC-42A3-9474-1A3956D46DE8}") = "May20", "May20", "{2B4CE4A2-D577-C3E6-A2FF-1C3EF5251DE9}"
EndProject
Project("{2150E333-8FDC-42A3-9474-1A3956D46DE8}") = "May21", "May21", "{283AB099-E591-B38E-BA3C-BEEF68AF4066}"
EndProject
Project("{2150E333-8FDC-42A3-9474-1A3956D46DE8}") = "May19", "May19", "{E40F2956-6631-75D1-C3F5-6F7412502474}"
EndProject
Project("{2150E333-8FDC-42A3-9474-1A3956D46DE8}") = "May22", "May22", "{288EFB82-8C6B-3C82-F806-678EF90D2A1F}"
EndProject
Project("{FAE04EC0-301F-11D3-BF4B-00C04F79EFBC}") = "task-medium", "May20\task-medium\task-medium.csproj", "{FA9C2F2F-6896-B1A0-0AFE-D1A2FFB07870}"
EndProject
Project("{FAE04EC0-301F-11D3-BF4B-00C04F79EFBC}") = "task-hard", "May20\task-hard\task-hard.csproj", "{03C5C373-9102-CCE9-AC88-B5E3A64CE348}"
EndProject
Project("{FAE04EC0-301F-11D3-BF4B-00C04F79EFBC}") = "task-questions", "May20\task-questions\task-questions.csproj", "{0EC2C240-EE97-99CD-882D-DDA3D3492955}"
EndProject
Project("{FAE04EC0-301F-11D3-BF4B-00C04F79EFBC}") = "file1", "May20\file1\file1.csproj", "{2D3E6741-4DC7-A344-43B3-F3BF97FE2BBC}"
EndProject
Project("{FAE04EC0-301F-11D3-BF4B-00C04F79EFBC}") = "work-file", "May21\work-file\work-file.csproj", "{5DCAF903-A185-F17C-B8FD-A78644E6CD66}"
EndProject
Project("{FAE04EC0-301F-11D3-BF4B-00C04F79EFBC}") = "CardiologyAppointment", "May21\CardiologyAppointment\CardiologyAppointment.csproj", "{A8FD5DF7-90F4-EBE0-C118-B67726A23363}"
EndProject
Project("{FAE04EC0-301F-11D3-BF4B-00C04F79EFBC}") = "Workfile", "May19\Workfile\Workfile.csproj", "{042BF292-3090-5CE7-8E5B-158BCC991A5E}"
EndProject
Project("{FAE04EC0-301F-11D3-BF4B-00C04F79EFBC}") = "taskfile", "May22\taskfile\taskfile.csproj", "{357F10D8-17C1-81B2-A5CB-81F1CB419119}"
EndProject
Project("{FAE04EC0-301F-11D3-BF4B-00C04F79EFBC}") = "workfile", "May22\workfile\workfile.csproj", "{9C059C32-B41D-909C-3C9F-9077CC16DB3B}"
EndProject
Global
	GlobalSection(SolutionConfigurationPlatforms) = preSolution
		Debug|Any CPU = Debug|Any CPU
		Release|Any CPU = Release|Any CPU
	EndGlobalSection
	GlobalSection(ProjectConfigurationPlatforms) = postSolution
		{FA9C2F2F-6896-B1A0-0AFE-D1A2FFB07870}.Debug|Any CPU.ActiveCfg = Debug|Any CPU
		{FA9C2F2F-6896-B1A0-0AFE-D1A2FFB07870}.Debug|Any CPU.Build.0 = Debug|Any CPU
		{FA9C2F2F-6896-B1A0-0AFE-D1A2FFB07870}.Release|Any CPU.ActiveCfg = Release|Any CPU
		{FA9C2F2F-6896-B1A0-0AFE-D1A2FFB07870}.Release|Any CPU.Build.0 = Release|Any CPU
		{03C5C373-9102-CCE9-AC88-B5E3A64CE348}.Debug|Any CPU.ActiveCfg = Debug|Any CPU
		{03C5C373-9102-CCE9-AC88-B5E3A64CE348}.Debug|Any CPU.Build.0 = Debug|Any CPU
		{03C5C373-9102-CCE9-AC88-B5E3A64CE348}.Release|Any CPU.ActiveCfg = Release|Any CPU
		{03C5C373-9102-CCE9-AC88-B5E3A64CE348}.Release|Any CPU.Build.0 = Release|Any CPU
		{0EC2C240-EE97-99CD-882D-DDA3D3492955}.Debug|Any CPU.ActiveCfg = Debug|Any CPU
		{0EC2C240-EE97-99CD-882D-DDA3D3492955}.Debug|Any CPU.Build.0 = Debug|Any CPU
		{0EC2C240-EE97-99CD-882D-DDA3D3492955}.Release|Any CPU.ActiveCfg = Release|Any CPU
		{0EC2C240-EE97-99CD-882D-DDA3D3492955}.Release|Any CPU.Build.0 = Release|Any CPU
		{2D3E6741-4DC7-A344-43B3-F3BF97FE2BBC}.Debug|Any CPU.ActiveCfg = Debug|Any CPU
		{2D3E6741-4DC7-A344-43B3-F3BF97FE2BBC}.Debug|Any CPU.Build.0 = Debug|Any CPU
		{2D3E6741-4DC7-A344-43B3-F3BF97FE2BBC}.Release|Any CPU.ActiveCfg = Release|Any CPU
		{2D3E6741-4DC7-A344-43B3-F3BF97FE2BBC}.Release|Any CPU.Build.0 = Release|Any CPU
		{5DCAF903-A185-F17C-B8FD-A78644E6CD66}.Debug|Any CPU.ActiveCfg = Debug|Any CPU
		{5DCAF903-A185-F17C-B8FD-A78644E6CD66}.Debug|Any CPU.Build.0 = Debug|Any CPU
		{5DCAF903-A185-F17C-B8FD-A78644E6CD66}.Release|Any CPU.ActiveCfg = Release|Any CPU
		{5DCAF903-A185-F17C-B8FD-A78644E6CD66}.Release|Any CPU.Build.0 = Release|Any CPU
		{A8FD5DF7-90F4-EBE0-C118-B67726A23363}.Debug|Any CPU.ActiveCfg = Debug|Any CPU
		{A8FD5DF7-90F4-EBE0-C118-B67726A23363}.Debug|Any CPU.Build.0 = Debug|Any CPU
		{A8FD5DF7-90F4-EBE0-C118-B67726A23363}.Release|Any CPU.ActiveCfg = Release|Any CPU
		{A8FD5DF7-90F4-EBE0-C118-B67726A23363}.Release|Any CPU.Build.0 = Release|Any CPU
		{042BF292-3090-5CE7-8E5B-158BCC991A5E}.Debug|Any CPU.ActiveCfg = Debug|Any CPU
		{042BF292-3090-5CE7-8E5B-158BCC991A5E}.Debug|Any CPU.Build.0 = Debug|Any CPU
		{042BF292-3090-5CE7-8E5B-158BCC991A5E}.Release|Any CPU.ActiveCfg = Release|Any CPU
		{042BF292-3090-5CE7-8E5B-158BCC991A5E}.Release|Any CPU.Build.0 = Release|Any CPU
		{357F10D8-17C1-81B2-A5CB-81F1CB419119}.Debug|Any CPU.ActiveCfg = Debug|Any CPU
		{357F10D8-17C1-81B2-A5CB-81F1CB419119}.Debug|Any CPU.Build.0 = Debug|Any CPU
		{357F10D8-17C1-81B2-A5CB-81F1CB419119}.Release|Any CPU.ActiveCfg = Release|Any CPU
		{357F10D8-17C1-81B2-A5CB-81F1CB419119}.Release|Any CPU.Build.0 = Release|Any CPU
		{9C059C32-B41D-909C-3C9F-9077CC16DB3B}.Debug|Any CPU.ActiveCfg = Debug|Any CPU
		{9C059C32-B41D-909C-3C9F-9077CC16DB3B}.Debug|Any CPU.Build.0 = Debug|Any CPU
		{9C059C32-B41D-909C-3C9F-9077CC16DB3B}.Release|Any CPU.ActiveCfg = Release|Any CPU
		{9C059C32-B41D-909C-3C9F-9077CC16DB3B}.Release|Any CPU.Build.0 = Release|Any CPU
	EndGlobalSection
	GlobalSection(SolutionProperties) = preSolution
		HideSolutionNode = FALSE
	EndGlobalSection
	GlobalSection(NestedProjects) = preSolution
		{FA9C2F2F-6896-B1A0-0AFE-D1A2FFB07870} = {2B4CE4A2-D577-C3E6-A2FF-1C3EF5251DE9}
		{03C5C373-9102-CCE9-AC88-B5E3A64CE348} = {2B4CE4A2-D577-C3E6-A2FF-1C3EF5251DE9}
		{0EC2C240-EE97-99CD-882D-DDA3D3492955} = {2B4CE4A2-D577-C3E6-A2FF-1C3EF5251DE9}
		{2D3E6741-4DC7-A344-43B3-F3BF97FE2BBC} = {2B4CE4A2-D577-C3E6-A2FF-1C3EF5251DE9}
		{5DCAF903-A185-F17C-B8FD-A78644E6CD66} = {283AB099-E591-B38E-BA3C-BEEF68AF4066}
		{A8FD5DF7-90F4-EBE0-C118-B67726A23363} = {283AB099-E591-B38E-BA3C-BEEF68AF4066}
		{042BF292-3090-5CE7-8E5B-158BCC991A5E} = {E40F2956-6631-75D1-C3F5-6F7412502474}
		{357F10D8-17C1-81B2-A5CB-81F1CB419119} = {288EFB82-8C6B-3C82-F806-678EF90D2A1F}
		{9C059C32-B41D-909C-3C9F-9077CC16DB3B} = {288EFB82-8C6B-3C82-F806-678EF90D2A1F}
	EndGlobalSection
	GlobalSection(ExtensibilityGlobals) = postSolution
		SolutionGuid = {B3442213-F288-4912-AABE-495F4190EED8}
	EndGlobalSection
EndGlobal
